
Microsoft Visual Studio Solution File, Format Version 12.00
# Visual Studio 15
VisualStudioVersion = 15.0.27703.2042
MinimumVisualStudioVersion = 10.0.40219.1
Project("{888888A0-9F3D-457C-B088-3A5042F75D52}") = "BasicProject", "BasicProject\BasicProject.pyproj", "{9BBA933F-8262-4748-95C3-D9464053D82E}"
EndProject
Global
	GlobalSection(SolutionConfigurationPlatforms) = preSolution
		Debug|Any CPU = Debug|Any CPU
		Release|Any CPU = Release|Any CPU
	EndGlobalSection
	GlobalSection(ProjectConfigurationPlatforms) = postSolution
		{9BBA933F-8262-4748-95C3-D9464053D82E}.Debug|Any CPU.ActiveCfg = Debug|Any CPU
		{9BBA933F-8262-4748-95C3-D9464053D82E}.Debug|Any CPU.Build.0 = Debug|Any CPU
		{9BBA933F-8262-4748-95C3-D9464053D82E}.Release|Any CPU.ActiveCfg = Release|Any CPU
		{9BBA933F-8262-4748-95C3-D9464053D82E}.Release|Any CPU.Build.0 = Release|Any CPU
	EndGlobalSection
	GlobalSection(SolutionProperties) = preSolution
		HideSolutionNode = FALSE
	EndGlobalSection
	GlobalSection(ExtensibilityGlobals) = postSolution
		SolutionGuid = {C2DA48C1-F2BE-4344-8CF5-EE18CDBB2E1F}
	EndGlobalSection
EndGlobal
